// !$*UTF8*$!
{
	archiveVersion = 1;
	classes = {
	};
	objectVersion = 46;
	objects = {

/* Begin PBXBuildFile section */
		4F000F1E15EDA60A0044358E /* UIKit.framework in Frameworks */ = {isa = PBXBuildFile; fileRef = 4F000F1D15EDA60A0044358E /* UIKit.framework */; };
		4F000F2015EDA60A0044358E /* Foundation.framework in Frameworks */ = {isa = PBXBuildFile; fileRef = 4F000F1F15EDA60A0044358E /* Foundation.framework */; };
		4F000F2215EDA60A0044358E /* CoreGraphics.framework in Frameworks */ = {isa = PBXBuildFile; fileRef = 4F000F2115EDA60A0044358E /* CoreGraphics.framework */; };
		4F000F2415EDA60A0044358E /* CoreData.framework in Frameworks */ = {isa = PBXBuildFile; fileRef = 4F000F2315EDA60A0044358E /* CoreData.framework */; };
		4F000F2A15EDA60A0044358E /* InfoPlist.strings in Resources */ = {isa = PBXBuildFile; fileRef = 4F000F2815EDA60A0044358E /* InfoPlist.strings */; };
		4F000F2C15EDA60A0044358E /* main.m in Sources */ = {isa = PBXBuildFile; fileRef = 4F000F2B15EDA60A0044358E /* main.m */; };
		4F000F3015EDA60A0044358E /* AppDelegate.m in Sources */ = {isa = PBXBuildFile; fileRef = 4F000F2F15EDA60A0044358E /* AppDelegate.m */; };
		4F000F3315EDA60A0044358E /* MobileMouse.xcdatamodeld in Sources */ = {isa = PBXBuildFile; fileRef = 4F000F3115EDA60A0044358E /* MobileMouse.xcdatamodeld */; };
		4F000F6515EE39FD0044358E /* ConnectViewController.m in Sources */ = {isa = PBXBuildFile; fileRef = 4F000F6315EE39FD0044358E /* ConnectViewController.m */; };
		4F000F6B15EE3A3A0044358E /* PPTAssistantViewController.m in Sources */ = {isa = PBXBuildFile; fileRef = 4F000F6915EE3A3A0044358E /* PPTAssistantViewController.m */; };
		4F000F7515EE3AA00044358E /* CFNetwork.framework in Frameworks */ = {isa = PBXBuildFile; fileRef = 4F000F7415EE3AA00044358E /* CFNetwork.framework */; };
		4F000F7A15EE3CAF0044358E /* GCDAsyncSocket.m in Sources */ = {isa = PBXBuildFile; fileRef = 4F000F6F15EE3A770044358E /* GCDAsyncSocket.m */; settings = {COMPILER_FLAGS = "-fobjc-arc"; }; };
		4F000F7C15EE3CFF0044358E /* Security.framework in Frameworks */ = {isa = PBXBuildFile; fileRef = 4F000F7B15EE3CFF0044358E /* Security.framework */; };
		4F000F7F15EE3D600044358E /* Constants.m in Sources */ = {isa = PBXBuildFile; fileRef = 4F000F7E15EE3D600044358E /* Constants.m */; };
		4F000F9F15EE71230044358E /* WirelessMouseViewController.m in Sources */ = {isa = PBXBuildFile; fileRef = 4F000F9D15EE71230044358E /* WirelessMouseViewController.m */; };
		4F000FA015EE71230044358E /* WirelessMouseViewController.xib in Resources */ = {isa = PBXBuildFile; fileRef = 4F000F9E15EE71230044358E /* WirelessMouseViewController.xib */; };
		4F000FA415EE71810044358E /* WindowsTouchView.m in Sources */ = {isa = PBXBuildFile; fileRef = 4F000FA315EE71810044358E /* WindowsTouchView.m */; };
		4F06374415FDEE8600275E83 /* RemoteDesktopViewController.m in Sources */ = {isa = PBXBuildFile; fileRef = 4F06374215FDEE8600275E83 /* RemoteDesktopViewController.m */; };
		4F06374515FDEE8600275E83 /* RemoteDesktopViewController.xib in Resources */ = {isa = PBXBuildFile; fileRef = 4F06374315FDEE8600275E83 /* RemoteDesktopViewController.xib */; };
		4F0E4E9D15F357090049C5DA /* RemoteToolViewController.m in Sources */ = {isa = PBXBuildFile; fileRef = 4F0E4E9B15F357080049C5DA /* RemoteToolViewController.m */; };
		4F0E4EAF15F36D740049C5DA /* KeyboardViewController.m in Sources */ = {isa = PBXBuildFile; fileRef = 4F0E4EAD15F36D740049C5DA /* KeyboardViewController.m */; };
		4F0E4EB015F36D740049C5DA /* KeyboardViewController.xib in Resources */ = {isa = PBXBuildFile; fileRef = 4F0E4EAE15F36D740049C5DA /* KeyboardViewController.xib */; };
		4F31052C161C33D100A52F82 /* iAd.framework in Frameworks */ = {isa = PBXBuildFile; fileRef = 4F31052B161C33D100A52F82 /* iAd.framework */; };
		4F310532161C3ED000A52F82 /* down.png in Resources */ = {isa = PBXBuildFile; fileRef = 4F310531161C3ED000A52F82 /* down.png */; };
		4F310534161C3EED00A52F82 /* up.png in Resources */ = {isa = PBXBuildFile; fileRef = 4F310533161C3EED00A52F82 /* up.png */; };
		4F310536161C3EF700A52F82 /* left.png in Resources */ = {isa = PBXBuildFile; fileRef = 4F310535161C3EF600A52F82 /* left.png */; };
		4F310538161C3F0400A52F82 /* right.png in Resources */ = {isa = PBXBuildFile; fileRef = 4F310537161C3F0400A52F82 /* right.png */; };
		4F31053B161C3FBE00A52F82 /* pause.png in Resources */ = {isa = PBXBuildFile; fileRef = 4F310539161C3FBD00A52F82 /* pause.png */; };
		4F31053C161C3FBE00A52F82 /* play.png in Resources */ = {isa = PBXBuildFile; fileRef = 4F31053A161C3FBD00A52F82 /* play.png */; };
		4F31054A161C6B6600A52F82 /* ShowAlert.m in Sources */ = {isa = PBXBuildFile; fileRef = 4F000F8515EE42830044358E /* ShowAlert.m */; };
		4F310551161C6F7100A52F82 /* ipad_table_down.png in Resources */ = {isa = PBXBuildFile; fileRef = 4F31054D161C6F7000A52F82 /* ipad_table_down.png */; };
		4F310552161C6F7100A52F82 /* ipad_table_down@2x.png in Resources */ = {isa = PBXBuildFile; fileRef = 4F31054E161C6F7000A52F82 /* ipad_table_down@2x.png */; };
		4F310553161C6F7100A52F82 /* ipad_table.png in Resources */ = {isa = PBXBuildFile; fileRef = 4F31054F161C6F7000A52F82 /* ipad_table.png */; };
		4F310554161C6F7100A52F82 /* ipad_table@2x.png in Resources */ = {isa = PBXBuildFile; fileRef = 4F310550161C6F7100A52F82 /* ipad_table@2x.png */; };
		4F310559161C6F7B00A52F82 /* sign_In_form_alone_down.png in Resources */ = {isa = PBXBuildFile; fileRef = 4F310555161C6F7B00A52F82 /* sign_In_form_alone_down.png */; };
		4F31055A161C6F7B00A52F82 /* sign_In_form_alone_down@2x.png in Resources */ = {isa = PBXBuildFile; fileRef = 4F310556161C6F7B00A52F82 /* sign_In_form_alone_down@2x.png */; };
		4F31055B161C6F7B00A52F82 /* sign_In_form_alone.png in Resources */ = {isa = PBXBuildFile; fileRef = 4F310557161C6F7B00A52F82 /* sign_In_form_alone.png */; };
		4F31055C161C6F7B00A52F82 /* sign_In_form_alone@2x.png in Resources */ = {isa = PBXBuildFile; fileRef = 4F310558161C6F7B00A52F82 /* sign_In_form_alone@2x.png */; };
		4F310571161C87F500A52F82 /* Localizable.strings in Resources */ = {isa = PBXBuildFile; fileRef = 4F310573161C87F500A52F82 /* Localizable.strings */; };
		4F310581161C94E500A52F82 /* RemoteToolViewController.xib in Resources */ = {isa = PBXBuildFile; fileRef = 4F310583161C94E500A52F82 /* RemoteToolViewController.xib */; };
		4F310586161C95F500A52F82 /* RemoteToolView_iPad.xib in Resources */ = {isa = PBXBuildFile; fileRef = 4F310588161C95F500A52F82 /* RemoteToolView_iPad.xib */; };
		4F31058B161C987000A52F82 /* PPTAssistantViewController.xib in Resources */ = {isa = PBXBuildFile; fileRef = 4F31058D161C987000A52F82 /* PPTAssistantViewController.xib */; };
		4F310590161C9A5000A52F82 /* PPTAssistantView_iPad.xib in Resources */ = {isa = PBXBuildFile; fileRef = 4F310592161C9A5000A52F82 /* PPTAssistantView_iPad.xib */; };
		4F310599161CA00D00A52F82 /* ConnectViewController.xib in Resources */ = {isa = PBXBuildFile; fileRef = 4F31059B161CA00D00A52F82 /* ConnectViewController.xib */; };
		4F31059F161CA05E00A52F82 /* ConnectView_iPad.xib in Resources */ = {isa = PBXBuildFile; fileRef = 4F3105A1161CA05E00A52F82 /* ConnectView_iPad.xib */; };
		4FB3EDA2161963450073E84D /* WMHelpViewController.m in Sources */ = {isa = PBXBuildFile; fileRef = 4FB3EDA0161963450073E84D /* WMHelpViewController.m */; };
		4FB3EDA3161963450073E84D /* WMHelpViewController.xib in Resources */ = {isa = PBXBuildFile; fileRef = 4FB3EDA1161963450073E84D /* WMHelpViewController.xib */; };
		A19701B415EE4D3D00016198 /* HomeViewController.m in Sources */ = {isa = PBXBuildFile; fileRef = A19701B215EE4D3D00016198 /* HomeViewController.m */; };
		A19701B515EE4D3D00016198 /* HomeViewController.xib in Resources */ = {isa = PBXBuildFile; fileRef = A19701B315EE4D3D00016198 /* HomeViewController.xib */; };
		A19701B915EE530E00016198 /* ServerInfo.m in Sources */ = {isa = PBXBuildFile; fileRef = A19701B815EE530E00016198 /* ServerInfo.m */; };
		A19701BC15EE556800016198 /* NSUserDefaults+Util.m in Sources */ = {isa = PBXBuildFile; fileRef = A19701BB15EE556800016198 /* NSUserDefaults+Util.m */; };
/* End PBXBuildFile section */

/* Begin PBXFileReference section */
		4F000F1915EDA60A0044358E /* MobileMouse.app */ = {isa = PBXFileReference; explicitFileType = wrapper.application; includeInIndex = 0; path = MobileMouse.app; sourceTree = BUILT_PRODUCTS_DIR; };
		4F000F1D15EDA60A0044358E /* UIKit.framework */ = {isa = PBXFileReference; lastKnownFileType = wrapper.framework; name = UIKit.framework; path = System/Library/Frameworks/UIKit.framework; sourceTree = SDKROOT; };
		4F000F1F15EDA60A0044358E /* Foundation.framework */ = {isa = PBXFileReference; lastKnownFileType = wrapper.framework; name = Foundation.framework; path = System/Library/Frameworks/Foundation.framework; sourceTree = SDKROOT; };
		4F000F2115EDA60A0044358E /* CoreGraphics.framework */ = {isa = PBXFileReference; lastKnownFileType = wrapper.framework; name = CoreGraphics.framework; path = System/Library/Frameworks/CoreGraphics.framework; sourceTree = SDKROOT; };
		4F000F2315EDA60A0044358E /* CoreData.framework */ = {isa = PBXFileReference; lastKnownFileType = wrapper.framework; name = CoreData.framework; path = System/Library/Frameworks/CoreData.framework; sourceTree = SDKROOT; };
		4F000F2715EDA60A0044358E /* MobileMouse-Info.plist */ = {isa = PBXFileReference; lastKnownFileType = text.plist.xml; path = "MobileMouse-Info.plist"; sourceTree = "<group>"; };
		4F000F2915EDA60A0044358E /* en */ = {isa = PBXFileReference; lastKnownFileType = text.plist.strings; name = en; path = en.lproj/InfoPlist.strings; sourceTree = "<group>"; };
		4F000F2B15EDA60A0044358E /* main.m */ = {isa = PBXFileReference; lastKnownFileType = sourcecode.c.objc; path = main.m; sourceTree = "<group>"; };
		4F000F2D15EDA60A0044358E /* MobileMouse-Prefix.pch */ = {isa = PBXFileReference; lastKnownFileType = sourcecode.c.h; path = "MobileMouse-Prefix.pch"; sourceTree = "<group>"; };
		4F000F2E15EDA60A0044358E /* AppDelegate.h */ = {isa = PBXFileReference; lastKnownFileType = sourcecode.c.h; path = AppDelegate.h; sourceTree = "<group>"; };
		4F000F2F15EDA60A0044358E /* AppDelegate.m */ = {isa = PBXFileReference; lastKnownFileType = sourcecode.c.objc; path = AppDelegate.m; sourceTree = "<group>"; };
		4F000F3215EDA60A0044358E /* MobileMouse.xcdatamodel */ = {isa = PBXFileReference; lastKnownFileType = wrapper.xcdatamodel; path = MobileMouse.xcdatamodel; sourceTree = "<group>"; };
		4F000F6215EE39FD0044358E /* ConnectViewController.h */ = {isa = PBXFileReference; fileEncoding = 4; lastKnownFileType = sourcecode.c.h; path = ConnectViewController.h; sourceTree = "<group>"; };
		4F000F6315EE39FD0044358E /* ConnectViewController.m */ = {isa = PBXFileReference; fileEncoding = 4; lastKnownFileType = sourcecode.c.objc; path = ConnectViewController.m; sourceTree = "<group>"; };
		4F000F6815EE3A3A0044358E /* PPTAssistantViewController.h */ = {isa = PBXFileReference; fileEncoding = 4; lastKnownFileType = sourcecode.c.h; path = PPTAssistantViewController.h; sourceTree = "<group>"; };
		4F000F6915EE3A3A0044358E /* PPTAssistantViewController.m */ = {isa = PBXFileReference; fileEncoding = 4; lastKnownFileType = sourcecode.c.objc; path = PPTAssistantViewController.m; sourceTree = "<group>"; };
		4F000F6E15EE3A770044358E /* GCDAsyncSocket.h */ = {isa = PBXFileReference; lastKnownFileType = sourcecode.c.h; path = GCDAsyncSocket.h; sourceTree = "<group>"; };
		4F000F6F15EE3A770044358E /* GCDAsyncSocket.m */ = {isa = PBXFileReference; lastKnownFileType = sourcecode.c.objc; path = GCDAsyncSocket.m; sourceTree = "<group>"; };
		4F000F7415EE3AA00044358E /* CFNetwork.framework */ = {isa = PBXFileReference; lastKnownFileType = wrapper.framework; name = CFNetwork.framework; path = System/Library/Frameworks/CFNetwork.framework; sourceTree = SDKROOT; };
		4F000F7B15EE3CFF0044358E /* Security.framework */ = {isa = PBXFileReference; lastKnownFileType = wrapper.framework; name = Security.framework; path = System/Library/Frameworks/Security.framework; sourceTree = SDKROOT; };
		4F000F7D15EE3D5F0044358E /* Constants.h */ = {isa = PBXFileReference; fileEncoding = 4; lastKnownFileType = sourcecode.c.h; path = Constants.h; sourceTree = "<group>"; };
		4F000F7E15EE3D600044358E /* Constants.m */ = {isa = PBXFileReference; fileEncoding = 4; lastKnownFileType = sourcecode.c.objc; path = Constants.m; sourceTree = "<group>"; };
		4F000F8415EE42830044358E /* ShowAlert.h */ = {isa = PBXFileReference; lastKnownFileType = sourcecode.c.h; path = ShowAlert.h; sourceTree = "<group>"; };
		4F000F8515EE42830044358E /* ShowAlert.m */ = {isa = PBXFileReference; lastKnownFileType = sourcecode.c.objc; path = ShowAlert.m; sourceTree = "<group>"; };
		4F000F9C15EE71230044358E /* WirelessMouseViewController.h */ = {isa = PBXFileReference; fileEncoding = 4; lastKnownFileType = sourcecode.c.h; path = WirelessMouseViewController.h; sourceTree = "<group>"; };
		4F000F9D15EE71230044358E /* WirelessMouseViewController.m */ = {isa = PBXFileReference; fileEncoding = 4; lastKnownFileType = sourcecode.c.objc; path = WirelessMouseViewController.m; sourceTree = "<group>"; };
		4F000F9E15EE71230044358E /* WirelessMouseViewController.xib */ = {isa = PBXFileReference; fileEncoding = 4; lastKnownFileType = file.xib; path = WirelessMouseViewController.xib; sourceTree = "<group>"; };
		4F000FA215EE71810044358E /* WindowsTouchView.h */ = {isa = PBXFileReference; fileEncoding = 4; lastKnownFileType = sourcecode.c.h; path = WindowsTouchView.h; sourceTree = "<group>"; };
		4F000FA315EE71810044358E /* WindowsTouchView.m */ = {isa = PBXFileReference; fileEncoding = 4; lastKnownFileType = sourcecode.c.objc; path = WindowsTouchView.m; sourceTree = "<group>"; };
		4F06374115FDEE8600275E83 /* RemoteDesktopViewController.h */ = {isa = PBXFileReference; fileEncoding = 4; lastKnownFileType = sourcecode.c.h; path = RemoteDesktopViewController.h; sourceTree = "<group>"; };
		4F06374215FDEE8600275E83 /* RemoteDesktopViewController.m */ = {isa = PBXFileReference; fileEncoding = 4; lastKnownFileType = sourcecode.c.objc; path = RemoteDesktopViewController.m; sourceTree = "<group>"; };
		4F06374315FDEE8600275E83 /* RemoteDesktopViewController.xib */ = {isa = PBXFileReference; fileEncoding = 4; lastKnownFileType = file.xib; path = RemoteDesktopViewController.xib; sourceTree = "<group>"; };
		4F0E4E9A15F357080049C5DA /* RemoteToolViewController.h */ = {isa = PBXFileReference; fileEncoding = 4; lastKnownFileType = sourcecode.c.h; path = RemoteToolViewController.h; sourceTree = "<group>"; };
		4F0E4E9B15F357080049C5DA /* RemoteToolViewController.m */ = {isa = PBXFileReference; fileEncoding = 4; lastKnownFileType = sourcecode.c.objc; path = RemoteToolViewController.m; sourceTree = "<group>"; };
		4F0E4EAC15F36D730049C5DA /* KeyboardViewController.h */ = {isa = PBXFileReference; fileEncoding = 4; lastKnownFileType = sourcecode.c.h; path = KeyboardViewController.h; sourceTree = "<group>"; };
		4F0E4EAD15F36D740049C5DA /* KeyboardViewController.m */ = {isa = PBXFileReference; fileEncoding = 4; lastKnownFileType = sourcecode.c.objc; path = KeyboardViewController.m; sourceTree = "<group>"; };
		4F0E4EAE15F36D740049C5DA /* KeyboardViewController.xib */ = {isa = PBXFileReference; fileEncoding = 4; lastKnownFileType = file.xib; path = KeyboardViewController.xib; sourceTree = "<group>"; };
		4F31052B161C33D100A52F82 /* iAd.framework */ = {isa = PBXFileReference; lastKnownFileType = wrapper.framework; name = iAd.framework; path = System/Library/Frameworks/iAd.framework; sourceTree = SDKROOT; };
		4F310531161C3ED000A52F82 /* down.png */ = {isa = PBXFileReference; lastKnownFileType = image.png; path = down.png; sourceTree = "<group>"; };
		4F310533161C3EED00A52F82 /* up.png */ = {isa = PBXFileReference; lastKnownFileType = image.png; path = up.png; sourceTree = "<group>"; };
		4F310535161C3EF600A52F82 /* left.png */ = {isa = PBXFileReference; lastKnownFileType = image.png; path = left.png; sourceTree = "<group>"; };
		4F310537161C3F0400A52F82 /* right.png */ = {isa = PBXFileReference; lastKnownFileType = image.png; path = right.png; sourceTree = "<group>"; };
		4F310539161C3FBD00A52F82 /* pause.png */ = {isa = PBXFileReference; lastKnownFileType = image.png; path = pause.png; sourceTree = "<group>"; };
		4F31053A161C3FBD00A52F82 /* play.png */ = {isa = PBXFileReference; lastKnownFileType = image.png; path = play.png; sourceTree = "<group>"; };
		4F31054D161C6F7000A52F82 /* ipad_table_down.png */ = {isa = PBXFileReference; lastKnownFileType = image.png; path = ipad_table_down.png; sourceTree = "<group>"; };
		4F31054E161C6F7000A52F82 /* ipad_table_down@2x.png */ = {isa = PBXFileReference; lastKnownFileType = image.png; path = "ipad_table_down@2x.png"; sourceTree = "<group>"; };
		4F31054F161C6F7000A52F82 /* ipad_table.png */ = {isa = PBXFileReference; lastKnownFileType = image.png; path = ipad_table.png; sourceTree = "<group>"; };
		4F310550161C6F7100A52F82 /* ipad_table@2x.png */ = {isa = PBXFileReference; lastKnownFileType = image.png; path = "ipad_table@2x.png"; sourceTree = "<group>"; };
		4F310555161C6F7B00A52F82 /* sign_In_form_alone_down.png */ = {isa = PBXFileReference; lastKnownFileType = image.png; path = sign_In_form_alone_down.png; sourceTree = "<group>"; };
		4F310556161C6F7B00A52F82 /* sign_In_form_alone_down@2x.png */ = {isa = PBXFileReference; lastKnownFileType = image.png; path = "sign_In_form_alone_down@2x.png"; sourceTree = "<group>"; };
		4F310557161C6F7B00A52F82 /* sign_In_form_alone.png */ = {isa = PBXFileReference; lastKnownFileType = image.png; path = sign_In_form_alone.png; sourceTree = "<group>"; };
		4F310558161C6F7B00A52F82 /* sign_In_form_alone@2x.png */ = {isa = PBXFileReference; lastKnownFileType = image.png; path = "sign_In_form_alone@2x.png"; sourceTree = "<group>"; };
		4F310572161C87F500A52F82 /* en */ = {isa = PBXFileReference; lastKnownFileType = text.plist.strings; name = en; path = en.lproj/Localizable.strings; sourceTree = "<group>"; };
		4F310574161C883600A52F82 /* zh-Hans */ = {isa = PBXFileReference; lastKnownFileType = text.plist.strings; name = "zh-Hans"; path = "zh-Hans.lproj/InfoPlist.strings"; sourceTree = "<group>"; };
		4F310575161C883600A52F82 /* zh-Hans */ = {isa = PBXFileReference; lastKnownFileType = text.plist.strings; name = "zh-Hans"; path = "zh-Hans.lproj/Localizable.strings"; sourceTree = "<group>"; };
		4F310576161C883B00A52F82 /* zh-Hant */ = {isa = PBXFileReference; lastKnownFileType = text.plist.strings; name = "zh-Hant"; path = "zh-Hant.lproj/InfoPlist.strings"; sourceTree = "<group>"; };
		4F310577161C883B00A52F82 /* zh-Hant */ = {isa = PBXFileReference; lastKnownFileType = text.plist.strings; name = "zh-Hant"; path = "zh-Hant.lproj/Localizable.strings"; sourceTree = "<group>"; };
		4F310582161C94E500A52F82 /* en */ = {isa = PBXFileReference; lastKnownFileType = file.xib; name = en; path = en.lproj/RemoteToolViewController.xib; sourceTree = "<group>"; };
		4F310584161C94EF00A52F82 /* zh-Hans */ = {isa = PBXFileReference; lastKnownFileType = file.xib; name = "zh-Hans"; path = "zh-Hans.lproj/RemoteToolViewController.xib"; sourceTree = "<group>"; };
		4F310585161C94F100A52F82 /* zh-Hant */ = {isa = PBXFileReference; lastKnownFileType = file.xib; name = "zh-Hant"; path = "zh-Hant.lproj/RemoteToolViewController.xib"; sourceTree = "<group>"; };
		4F310587161C95F500A52F82 /* en */ = {isa = PBXFileReference; lastKnownFileType = file.xib; name = en; path = en.lproj/RemoteToolView_iPad.xib; sourceTree = "<group>"; };
		4F310589161C95FA00A52F82 /* zh-Hans */ = {isa = PBXFileReference; lastKnownFileType = file.xib; name = "zh-Hans"; path = "zh-Hans.lproj/RemoteToolView_iPad.xib"; sourceTree = "<group>"; };
		4F31058A161C960100A52F82 /* zh-Hant */ = {isa = PBXFileReference; lastKnownFileType = file.xib; name = "zh-Hant"; path = "zh-Hant.lproj/RemoteToolView_iPad.xib"; sourceTree = "<group>"; };
		4F31058C161C987000A52F82 /* en */ = {isa = PBXFileReference; lastKnownFileType = file.xib; name = en; path = en.lproj/PPTAssistantViewController.xib; sourceTree = "<group>"; };
		4F31058E161C987900A52F82 /* zh-Hans */ = {isa = PBXFileReference; lastKnownFileType = file.xib; name = "zh-Hans"; path = "zh-Hans.lproj/PPTAssistantViewController.xib"; sourceTree = "<group>"; };
		4F31058F161C987A00A52F82 /* zh-Hant */ = {isa = PBXFileReference; lastKnownFileType = file.xib; name = "zh-Hant"; path = "zh-Hant.lproj/PPTAssistantViewController.xib"; sourceTree = "<group>"; };
		4F310591161C9A5000A52F82 /* en */ = {isa = PBXFileReference; lastKnownFileType = file.xib; name = en; path = en.lproj/PPTAssistantView_iPad.xib; sourceTree = "<group>"; };
		4F310593161C9A5500A52F82 /* zh-Hans */ = {isa = PBXFileReference; lastKnownFileType = file.xib; name = "zh-Hans"; path = "zh-Hans.lproj/PPTAssistantView_iPad.xib"; sourceTree = "<group>"; };
		4F310594161C9A5600A52F82 /* zh-Hant */ = {isa = PBXFileReference; lastKnownFileType = file.xib; name = "zh-Hant"; path = "zh-Hant.lproj/PPTAssistantView_iPad.xib"; sourceTree = "<group>"; };
		4F31059A161CA00D00A52F82 /* en */ = {isa = PBXFileReference; lastKnownFileType = file.xib; name = en; path = en.lproj/ConnectViewController.xib; sourceTree = "<group>"; };
		4F31059D161CA01300A52F82 /* zh-Hans */ = {isa = PBXFileReference; lastKnownFileType = file.xib; name = "zh-Hans"; path = "zh-Hans.lproj/ConnectViewController.xib"; sourceTree = "<group>"; };
		4F31059E161CA01400A52F82 /* zh-Hant */ = {isa = PBXFileReference; lastKnownFileType = file.xib; name = "zh-Hant"; path = "zh-Hant.lproj/ConnectViewController.xib"; sourceTree = "<group>"; };
		4F3105A0161CA05E00A52F82 /* en */ = {isa = PBXFileReference; lastKnownFileType = file.xib; name = en; path = en.lproj/ConnectView_iPad.xib; sourceTree = "<group>"; };
		4F3105A2161CA06300A52F82 /* zh-Hans */ = {isa = PBXFileReference; lastKnownFileType = file.xib; name = "zh-Hans"; path = "zh-Hans.lproj/ConnectView_iPad.xib"; sourceTree = "<group>"; };
		4F3105A3161CA06400A52F82 /* zh-Hant */ = {isa = PBXFileReference; lastKnownFileType = file.xib; name = "zh-Hant"; path = "zh-Hant.lproj/ConnectView_iPad.xib"; sourceTree = "<group>"; };
		4FB3ED9F161963450073E84D /* WMHelpViewController.h */ = {isa = PBXFileReference; fileEncoding = 4; lastKnownFileType = sourcecode.c.h; path = WMHelpViewController.h; sourceTree = "<group>"; };
		4FB3EDA0161963450073E84D /* WMHelpViewController.m */ = {isa = PBXFileReference; fileEncoding = 4; lastKnownFileType = sourcecode.c.objc; path = WMHelpViewController.m; sourceTree = "<group>"; };
		4FB3EDA1161963450073E84D /* WMHelpViewController.xib */ = {isa = PBXFileReference; fileEncoding = 4; lastKnownFileType = file.xib; path = WMHelpViewController.xib; sourceTree = "<group>"; };
		A19701B115EE4D3D00016198 /* HomeViewController.h */ = {isa = PBXFileReference; fileEncoding = 4; lastKnownFileType = sourcecode.c.h; path = HomeViewController.h; sourceTree = "<group>"; };
		A19701B215EE4D3D00016198 /* HomeViewController.m */ = {isa = PBXFileReference; fileEncoding = 4; lastKnownFileType = sourcecode.c.objc; path = HomeViewController.m; sourceTree = "<group>"; };
		A19701B315EE4D3D00016198 /* HomeViewController.xib */ = {isa = PBXFileReference; fileEncoding = 4; lastKnownFileType = file.xib; path = HomeViewController.xib; sourceTree = "<group>"; };
		A19701B715EE530E00016198 /* ServerInfo.h */ = {isa = PBXFileReference; fileEncoding = 4; lastKnownFileType = sourcecode.c.h; path = ServerInfo.h; sourceTree = "<group>"; };
		A19701B815EE530E00016198 /* ServerInfo.m */ = {isa = PBXFileReference; fileEncoding = 4; lastKnownFileType = sourcecode.c.objc; path = ServerInfo.m; sourceTree = "<group>"; };
		A19701BA15EE556800016198 /* NSUserDefaults+Util.h */ = {isa = PBXFileReference; fileEncoding = 4; lastKnownFileType = sourcecode.c.h; path = "NSUserDefaults+Util.h"; sourceTree = "<group>"; };
		A19701BB15EE556800016198 /* NSUserDefaults+Util.m */ = {isa = PBXFileReference; fileEncoding = 4; lastKnownFileType = sourcecode.c.objc; path = "NSUserDefaults+Util.m"; sourceTree = "<group>"; };
/* End PBXFileReference section */

/* Begin PBXFrameworksBuildPhase section */
		4F000F1615EDA60A0044358E /* Frameworks */ = {
			isa = PBXFrameworksBuildPhase;
			buildActionMask = 2147483647;
			files = (
				4F31052C161C33D100A52F82 /* iAd.framework in Frameworks */,
				4F000F7C15EE3CFF0044358E /* Security.framework in Frameworks */,
				4F000F7515EE3AA00044358E /* CFNetwork.framework in Frameworks */,
				4F000F1E15EDA60A0044358E /* UIKit.framework in Frameworks */,
				4F000F2015EDA60A0044358E /* Foundation.framework in Frameworks */,
				4F000F2215EDA60A0044358E /* CoreGraphics.framework in Frameworks */,
				4F000F2415EDA60A0044358E /* CoreData.framework in Frameworks */,
			);
			runOnlyForDeploymentPostprocessing = 0;
		};
/* End PBXFrameworksBuildPhase section */

/* Begin PBXGroup section */
		4F000F0E15EDA60A0044358E = {
			isa = PBXGroup;
			children = (
				4F000F2515EDA60A0044358E /* MobileMouse */,
				4F000F1C15EDA60A0044358E /* Frameworks */,
				4F000F1A15EDA60A0044358E /* Products */,
			);
			sourceTree = "<group>";
		};
		4F000F1A15EDA60A0044358E /* Products */ = {
			isa = PBXGroup;
			children = (
				4F000F1915EDA60A0044358E /* MobileMouse.app */,
			);
			name = Products;
			sourceTree = "<group>";
		};
		4F000F1C15EDA60A0044358E /* Frameworks */ = {
			isa = PBXGroup;
			children = (
				4F31052B161C33D100A52F82 /* iAd.framework */,
				4F000F7B15EE3CFF0044358E /* Security.framework */,
				4F000F7415EE3AA00044358E /* CFNetwork.framework */,
				4F000F1D15EDA60A0044358E /* UIKit.framework */,
				4F000F1F15EDA60A0044358E /* Foundation.framework */,
				4F000F2115EDA60A0044358E /* CoreGraphics.framework */,
				4F000F2315EDA60A0044358E /* CoreData.framework */,
			);
			name = Frameworks;
			sourceTree = "<group>";
		};
		4F000F2515EDA60A0044358E /* MobileMouse */ = {
			isa = PBXGroup;
			children = (
				4FB3ED9D1619623D0073E84D /* iPad */,
				4F1E61CD1605D0F60096FAD3 /* Util */,
				4F1E61CC1605D0EC0096FAD3 /* Model */,
				4F000F6D15EE3A620044358E /* TCP */,
				4F000FA115EE715A0044358E /* View */,
				4F000F2E15EDA60A0044358E /* AppDelegate.h */,
				4F000F2F15EDA60A0044358E /* AppDelegate.m */,
				4F000F6215EE39FD0044358E /* ConnectViewController.h */,
				4F000F6315EE39FD0044358E /* ConnectViewController.m */,
				4F31059B161CA00D00A52F82 /* ConnectViewController.xib */,
				4F000F6815EE3A3A0044358E /* PPTAssistantViewController.h */,
				4F000F6915EE3A3A0044358E /* PPTAssistantViewController.m */,
				4F31058D161C987000A52F82 /* PPTAssistantViewController.xib */,
				4F000F3115EDA60A0044358E /* MobileMouse.xcdatamodeld */,
				A19701B115EE4D3D00016198 /* HomeViewController.h */,
				A19701B215EE4D3D00016198 /* HomeViewController.m */,
				A19701B315EE4D3D00016198 /* HomeViewController.xib */,
				4F000F9C15EE71230044358E /* WirelessMouseViewController.h */,
				4F000F9D15EE71230044358E /* WirelessMouseViewController.m */,
				4F000F9E15EE71230044358E /* WirelessMouseViewController.xib */,
				4FB3ED9F161963450073E84D /* WMHelpViewController.h */,
				4FB3EDA0161963450073E84D /* WMHelpViewController.m */,
				4FB3EDA1161963450073E84D /* WMHelpViewController.xib */,
				4F0E4E9A15F357080049C5DA /* RemoteToolViewController.h */,
				4F0E4E9B15F357080049C5DA /* RemoteToolViewController.m */,
				4F310583161C94E500A52F82 /* RemoteToolViewController.xib */,
				4F0E4EAC15F36D730049C5DA /* KeyboardViewController.h */,
				4F0E4EAD15F36D740049C5DA /* KeyboardViewController.m */,
				4F0E4EAE15F36D740049C5DA /* KeyboardViewController.xib */,
				4F06374115FDEE8600275E83 /* RemoteDesktopViewController.h */,
				4F06374215FDEE8600275E83 /* RemoteDesktopViewController.m */,
				4F06374315FDEE8600275E83 /* RemoteDesktopViewController.xib */,
				4F000F2615EDA60A0044358E /* Supporting Files */,
			);
			path = MobileMouse;
			sourceTree = "<group>";
		};
		4F000F2615EDA60A0044358E /* Supporting Files */ = {
			isa = PBXGroup;
			children = (
				4F310555161C6F7B00A52F82 /* sign_In_form_alone_down.png */,
				4F310556161C6F7B00A52F82 /* sign_In_form_alone_down@2x.png */,
				4F310557161C6F7B00A52F82 /* sign_In_form_alone.png */,
				4F310558161C6F7B00A52F82 /* sign_In_form_alone@2x.png */,
				4F31054D161C6F7000A52F82 /* ipad_table_down.png */,
				4F31054E161C6F7000A52F82 /* ipad_table_down@2x.png */,
				4F31054F161C6F7000A52F82 /* ipad_table.png */,
				4F310550161C6F7100A52F82 /* ipad_table@2x.png */,
				4F310531161C3ED000A52F82 /* down.png */,
				4F310533161C3EED00A52F82 /* up.png */,
				4F310535161C3EF600A52F82 /* left.png */,
				4F310537161C3F0400A52F82 /* right.png */,
				4F310539161C3FBD00A52F82 /* pause.png */,
				4F31053A161C3FBD00A52F82 /* play.png */,
				4F000F2715EDA60A0044358E /* MobileMouse-Info.plist */,
				4F000F2815EDA60A0044358E /* InfoPlist.strings */,
				4F000F2B15EDA60A0044358E /* main.m */,
				4F000F2D15EDA60A0044358E /* MobileMouse-Prefix.pch */,
				4F310573161C87F500A52F82 /* Localizable.strings */,
			);
			name = "Supporting Files";
			sourceTree = "<group>";
		};
		4F000F6D15EE3A620044358E /* TCP */ = {
			isa = PBXGroup;
			children = (
				4F000F6E15EE3A770044358E /* GCDAsyncSocket.h */,
				4F000F6F15EE3A770044358E /* GCDAsyncSocket.m */,
			);
			name = TCP;
			sourceTree = "<group>";
		};
		4F000FA115EE715A0044358E /* View */ = {
			isa = PBXGroup;
			children = (
				4F000FA215EE71810044358E /* WindowsTouchView.h */,
				4F000FA315EE71810044358E /* WindowsTouchView.m */,
			);
			name = View;
			sourceTree = "<group>";
		};
		4F1E61CC1605D0EC0096FAD3 /* Model */ = {
			isa = PBXGroup;
			children = (
				4F000F7D15EE3D5F0044358E /* Constants.h */,
				4F000F7E15EE3D600044358E /* Constants.m */,
				A19701B715EE530E00016198 /* ServerInfo.h */,
				A19701B815EE530E00016198 /* ServerInfo.m */,
			);
			name = Model;
			sourceTree = "<group>";
		};
		4F1E61CD1605D0F60096FAD3 /* Util */ = {
			isa = PBXGroup;
			children = (
				4F000F8415EE42830044358E /* ShowAlert.h */,
				4F000F8515EE42830044358E /* ShowAlert.m */,
				A19701BA15EE556800016198 /* NSUserDefaults+Util.h */,
				A19701BB15EE556800016198 /* NSUserDefaults+Util.m */,
			);
			name = Util;
			sourceTree = "<group>";
		};
		4FB3ED9D1619623D0073E84D /* iPad */ = {
			isa = PBXGroup;
			children = (
				4F3105A1161CA05E00A52F82 /* ConnectView_iPad.xib */,
				4F310592161C9A5000A52F82 /* PPTAssistantView_iPad.xib */,
				4F310588161C95F500A52F82 /* RemoteToolView_iPad.xib */,
			);
			name = iPad;
			sourceTree = "<group>";
		};
/* End PBXGroup section */

/* Begin PBXNativeTarget section */
		4F000F1815EDA60A0044358E /* MobileMouse */ = {
			isa = PBXNativeTarget;
			buildConfigurationList = 4F000F3615EDA60A0044358E /* Build configuration list for PBXNativeTarget "MobileMouse" */;
			buildPhases = (
				4F000F1515EDA60A0044358E /* Sources */,
				4F000F1615EDA60A0044358E /* Frameworks */,
				4F000F1715EDA60A0044358E /* Resources */,
			);
			buildRules = (
			);
			dependencies = (
			);
			name = MobileMouse;
			productName = MobileMouse;
			productReference = 4F000F1915EDA60A0044358E /* MobileMouse.app */;
			productType = "com.apple.product-type.application";
		};
/* End PBXNativeTarget section */

/* Begin PBXProject section */
		4F000F1015EDA60A0044358E /* Project object */ = {
			isa = PBXProject;
			attributes = {
				LastUpgradeCheck = 0440;
				ORGANIZATIONNAME = "Yu Jianjun";
			};
			buildConfigurationList = 4F000F1315EDA60A0044358E /* Build configuration list for PBXProject "MobileMouse" */;
			compatibilityVersion = "Xcode 3.2";
			developmentRegion = English;
			hasScannedForEncodings = 0;
			knownRegions = (
				en,
				"zh-Hans",
				"zh-Hant",
			);
			mainGroup = 4F000F0E15EDA60A0044358E;
			productRefGroup = 4F000F1A15EDA60A0044358E /* Products */;
			projectDirPath = "";
			projectRoot = "";
			targets = (
				4F000F1815EDA60A0044358E /* MobileMouse */,
			);
		};
/* End PBXProject section */

/* Begin PBXResourcesBuildPhase section */
		4F000F1715EDA60A0044358E /* Resources */ = {
			isa = PBXResourcesBuildPhase;
			buildActionMask = 2147483647;
			files = (
				4F000F2A15EDA60A0044358E /* InfoPlist.strings in Resources */,
				4F310599161CA00D00A52F82 /* ConnectViewController.xib in Resources */,
				4F31058B161C987000A52F82 /* PPTAssistantViewController.xib in Resources */,
				A19701B515EE4D3D00016198 /* HomeViewController.xib in Resources */,
				4F000FA015EE71230044358E /* WirelessMouseViewController.xib in Resources */,
				4F310581161C94E500A52F82 /* RemoteToolViewController.xib in Resources */,
				4F0E4EB015F36D740049C5DA /* KeyboardViewController.xib in Resources */,
				4F06374515FDEE8600275E83 /* RemoteDesktopViewController.xib in Resources */,
				4FB3EDA3161963450073E84D /* WMHelpViewController.xib in Resources */,
				4F31059F161CA05E00A52F82 /* ConnectView_iPad.xib in Resources */,
				4F310532161C3ED000A52F82 /* down.png in Resources */,
				4F310534161C3EED00A52F82 /* up.png in Resources */,
				4F310536161C3EF700A52F82 /* left.png in Resources */,
				4F310538161C3F0400A52F82 /* right.png in Resources */,
				4F31053B161C3FBE00A52F82 /* pause.png in Resources */,
				4F31053C161C3FBE00A52F82 /* play.png in Resources */,
				4F310590161C9A5000A52F82 /* PPTAssistantView_iPad.xib in Resources */,
				4F310586161C95F500A52F82 /* RemoteToolView_iPad.xib in Resources */,
				4F310551161C6F7100A52F82 /* ipad_table_down.png in Resources */,
				4F310552161C6F7100A52F82 /* ipad_table_down@2x.png in Resources */,
				4F310553161C6F7100A52F82 /* ipad_table.png in Resources */,
				4F310554161C6F7100A52F82 /* ipad_table@2x.png in Resources */,
				4F310559161C6F7B00A52F82 /* sign_In_form_alone_down.png in Resources */,
				4F31055A161C6F7B00A52F82 /* sign_In_form_alone_down@2x.png in Resources */,
				4F31055B161C6F7B00A52F82 /* sign_In_form_alone.png in Resources */,
				4F31055C161C6F7B00A52F82 /* sign_In_form_alone@2x.png in Resources */,
				4F310571161C87F500A52F82 /* Localizable.strings in Resources */,
			);
			runOnlyForDeploymentPostprocessing = 0;
		};
/* End PBXResourcesBuildPhase section */

/* Begin PBXSourcesBuildPhase section */
		4F000F1515EDA60A0044358E /* Sources */ = {
			isa = PBXSourcesBuildPhase;
			buildActionMask = 2147483647;
			files = (
				4F31054A161C6B6600A52F82 /* ShowAlert.m in Sources */,
				4F000F7A15EE3CAF0044358E /* GCDAsyncSocket.m in Sources */,
				4F000F2C15EDA60A0044358E /* main.m in Sources */,
				4F000F3015EDA60A0044358E /* AppDelegate.m in Sources */,
				4F000F3315EDA60A0044358E /* MobileMouse.xcdatamodeld in Sources */,
				4F000F6515EE39FD0044358E /* ConnectViewController.m in Sources */,
				4F000F6B15EE3A3A0044358E /* PPTAssistantViewController.m in Sources */,
				4F000F7F15EE3D600044358E /* Constants.m in Sources */,
				A19701B415EE4D3D00016198 /* HomeViewController.m in Sources */,
				A19701B915EE530E00016198 /* ServerInfo.m in Sources */,
				A19701BC15EE556800016198 /* NSUserDefaults+Util.m in Sources */,
				4F000F9F15EE71230044358E /* WirelessMouseViewController.m in Sources */,
				4F000FA415EE71810044358E /* WindowsTouchView.m in Sources */,
				4F0E4E9D15F357090049C5DA /* RemoteToolViewController.m in Sources */,
				4F0E4EAF15F36D740049C5DA /* KeyboardViewController.m in Sources */,
				4F06374415FDEE8600275E83 /* RemoteDesktopViewController.m in Sources */,
				4FB3EDA2161963450073E84D /* WMHelpViewController.m in Sources */,
			);
			runOnlyForDeploymentPostprocessing = 0;
		};
/* End PBXSourcesBuildPhase section */

/* Begin PBXVariantGroup section */
		4F000F2815EDA60A0044358E /* InfoPlist.strings */ = {
			isa = PBXVariantGroup;
			children = (
				4F000F2915EDA60A0044358E /* en */,
				4F310574161C883600A52F82 /* zh-Hans */,
				4F310576161C883B00A52F82 /* zh-Hant */,
			);
			name = InfoPlist.strings;
			sourceTree = "<group>";
		};
		4F310573161C87F500A52F82 /* Localizable.strings */ = {
			isa = PBXVariantGroup;
			children = (
				4F310572161C87F500A52F82 /* en */,
				4F310575161C883600A52F82 /* zh-Hans */,
				4F310577161C883B00A52F82 /* zh-Hant */,
			);
			name = Localizable.strings;
			sourceTree = "<group>";
		};
		4F310583161C94E500A52F82 /* RemoteToolViewController.xib */ = {
			isa = PBXVariantGroup;
			children = (
				4F310582161C94E500A52F82 /* en */,
				4F310584161C94EF00A52F82 /* zh-Hans */,
				4F310585161C94F100A52F82 /* zh-Hant */,
			);
			name = RemoteToolViewController.xib;
			sourceTree = "<group>";
		};
		4F310588161C95F500A52F82 /* RemoteToolView_iPad.xib */ = {
			isa = PBXVariantGroup;
			children = (
				4F310587161C95F500A52F82 /* en */,
				4F310589161C95FA00A52F82 /* zh-Hans */,
				4F31058A161C960100A52F82 /* zh-Hant */,
			);
			name = RemoteToolView_iPad.xib;
			sourceTree = "<group>";
		};
		4F31058D161C987000A52F82 /* PPTAssistantViewController.xib */ = {
			isa = PBXVariantGroup;
			children = (
				4F31058C161C987000A52F82 /* en */,
				4F31058E161C987900A52F82 /* zh-Hans */,
				4F31058F161C987A00A52F82 /* zh-Hant */,
			);
			name = PPTAssistantViewController.xib;
			sourceTree = "<group>";
		};
		4F310592161C9A5000A52F82 /* PPTAssistantView_iPad.xib */ = {
			isa = PBXVariantGroup;
			children = (
				4F310591161C9A5000A52F82 /* en */,
				4F310593161C9A5500A52F82 /* zh-Hans */,
				4F310594161C9A5600A52F82 /* zh-Hant */,
			);
			name = PPTAssistantView_iPad.xib;
			sourceTree = "<group>";
		};
		4F31059B161CA00D00A52F82 /* ConnectViewController.xib */ = {
			isa = PBXVariantGroup;
			children = (
				4F31059A161CA00D00A52F82 /* en */,
				4F31059D161CA01300A52F82 /* zh-Hans */,
				4F31059E161CA01400A52F82 /* zh-Hant */,
			);
			name = ConnectViewController.xib;
			sourceTree = "<group>";
		};
		4F3105A1161CA05E00A52F82 /* ConnectView_iPad.xib */ = {
			isa = PBXVariantGroup;
			children = (
				4F3105A0161CA05E00A52F82 /* en */,
				4F3105A2161CA06300A52F82 /* zh-Hans */,
				4F3105A3161CA06400A52F82 /* zh-Hant */,
			);
			name = ConnectView_iPad.xib;
			sourceTree = "<group>";
		};
/* End PBXVariantGroup section */

/* Begin XCBuildConfiguration section */
		4F000F3415EDA60A0044358E /* Debug */ = {
			isa = XCBuildConfiguration;
			buildSettings = {
				ALWAYS_SEARCH_USER_PATHS = NO;
				ARCHS = "$(ARCHS_STANDARD_32_BIT)";
				CLANG_CXX_LANGUAGE_STANDARD = "gnu++0x";
				CLANG_WARN__DUPLICATE_METHOD_MATCH = YES;
				"CODE_SIGN_IDENTITY[sdk=iphoneos*]" = "iPhone Developer";
				COPY_PHASE_STRIP = NO;
				GCC_C_LANGUAGE_STANDARD = gnu99;
				GCC_DYNAMIC_NO_PIC = NO;
				GCC_OPTIMIZATION_LEVEL = 0;
				GCC_PREPROCESSOR_DEFINITIONS = (
					"DEBUG=1",
					"$(inherited)",
				);
				GCC_SYMBOLS_PRIVATE_EXTERN = NO;
				GCC_VERSION = com.apple.compilers.llvm.clang.1_0;
				GCC_WARN_ABOUT_RETURN_TYPE = YES;
				GCC_WARN_UNINITIALIZED_AUTOS = YES;
				GCC_WARN_UNUSED_VARIABLE = YES;
				IPHONEOS_DEPLOYMENT_TARGET = 5.1;
				SDKROOT = iphoneos;
			};
			name = Debug;
		};
		4F000F3515EDA60A0044358E /* Release */ = {
			isa = XCBuildConfiguration;
			buildSettings = {
				ALWAYS_SEARCH_USER_PATHS = NO;
				ARCHS = "$(ARCHS_STANDARD_32_BIT)";
				CLANG_CXX_LANGUAGE_STANDARD = "gnu++0x";
				CLANG_WARN__DUPLICATE_METHOD_MATCH = YES;
				"CODE_SIGN_IDENTITY[sdk=iphoneos*]" = "iPhone Developer";
				COPY_PHASE_STRIP = YES;
				GCC_C_LANGUAGE_STANDARD = gnu99;
				GCC_VERSION = com.apple.compilers.llvm.clang.1_0;
				GCC_WARN_ABOUT_RETURN_TYPE = YES;
				GCC_WARN_UNINITIALIZED_AUTOS = YES;
				GCC_WARN_UNUSED_VARIABLE = YES;
				IPHONEOS_DEPLOYMENT_TARGET = 5.1;
				OTHER_CFLAGS = "-DNS_BLOCK_ASSERTIONS=1";
				SDKROOT = iphoneos;
				VALIDATE_PRODUCT = YES;
			};
			name = Release;
		};
		4F000F3715EDA60A0044358E /* Debug */ = {
			isa = XCBuildConfiguration;
			buildSettings = {
				GCC_PRECOMPILE_PREFIX_HEADER = YES;
				GCC_PREFIX_HEADER = "MobileMouse/MobileMouse-Prefix.pch";
				INFOPLIST_FILE = "MobileMouse/MobileMouse-Info.plist";
				IPHONEOS_DEPLOYMENT_TARGET = 5.1;
				PRODUCT_NAME = "$(TARGET_NAME)";
				TARGETED_DEVICE_FAMILY = "1,2";
				WRAPPER_EXTENSION = app;
			};
			name = Debug;
		};
		4F000F3815EDA60A0044358E /* Release */ = {
			isa = XCBuildConfiguration;
			buildSettings = {
				GCC_PRECOMPILE_PREFIX_HEADER = YES;
				GCC_PREFIX_HEADER = "MobileMouse/MobileMouse-Prefix.pch";
				INFOPLIST_FILE = "MobileMouse/MobileMouse-Info.plist";
				IPHONEOS_DEPLOYMENT_TARGET = 5.1;
				PRODUCT_NAME = "$(TARGET_NAME)";
				TARGETED_DEVICE_FAMILY = "1,2";
				WRAPPER_EXTENSION = app;
			};
			name = Release;
		};
/* End XCBuildConfiguration section */

/* Begin XCConfigurationList section */
		4F000F1315EDA60A0044358E /* Build configuration list for PBXProject "MobileMouse" */ = {
			isa = XCConfigurationList;
			buildConfigurations = (
				4F000F3415EDA60A0044358E /* Debug */,
				4F000F3515EDA60A0044358E /* Release */,
			);
			defaultConfigurationIsVisible = 0;
			defaultConfigurationName = Release;
		};
		4F000F3615EDA60A0044358E /* Build configuration list for PBXNativeTarget "MobileMouse" */ = {
			isa = XCConfigurationList;
			buildConfigurations = (
				4F000F3715EDA60A0044358E /* Debug */,
				4F000F3815EDA60A0044358E /* Release */,
			);
			defaultConfigurationIsVisible = 0;
			defaultConfigurationName = Release;
		};
/* End XCConfigurationList section */

/* Begin XCVersionGroup section */
		4F000F3115EDA60A0044358E /* MobileMouse.xcdatamodeld */ = {
			isa = XCVersionGroup;
			children = (
				4F000F3215EDA60A0044358E /* MobileMouse.xcdatamodel */,
			);
			currentVersion = 4F000F3215EDA60A0044358E /* MobileMouse.xcdatamodel */;
			path = MobileMouse.xcdatamodeld;
			sourceTree = "<group>";
			versionGroupType = wrapper.xcdatamodel;
		};
/* End XCVersionGroup section */
	};
	rootObject = 4F000F1015EDA60A0044358E /* Project object */;
}
